
Microsoft Visual Studio Solution File, Format Version 12.00
# Visual Studio Version 17
VisualStudioVersion = 17.9.34622.214
MinimumVisualStudioVersion = 10.0.40219.1
Project("{9A19103F-16F7-4668-BE54-9A1E7A4F7556}") = "AgriculturePresentation", "AgriculturePresentation\AgriculturePresentation.csproj", "{0949B673-A3C9-4B7B-A29F-4E806B456A21}"
EndProject
Project("{9A19103F-16F7-4668-BE54-9A1E7A4F7556}") = "EntityLayer", "EntityLayer\EntityLayer.csproj", "{65C264C5-2178-4C9F-8B2B-9AAC605C82A6}"
EndProject
Project("{9A19103F-16F7-4668-BE54-9A1E7A4F7556}") = "DataAccessLayer", "DataAccessLayer\DataAccessLayer.csproj", "{100AA2D6-5370-494F-AD7D-C3ABBE748D03}"
EndProject
Project("{9A19103F-16F7-4668-BE54-9A1E7A4F7556}") = "BusinessLayer", "BusinessLayer\BusinessLayer.csproj", "{F654692B-AF3D-4EDB-962D-B8E36A8E0E8E}"
EndProject
Global
	GlobalSection(SolutionConfigurationPlatforms) = preSolution
		Debug|Any CPU = Debug|Any CPU
		Release|Any CPU = Release|Any CPU
	EndGlobalSection
	GlobalSection(ProjectConfigurationPlatforms) = postSolution
		{0949B673-A3C9-4B7B-A29F-4E806B456A21}.Debug|Any CPU.ActiveCfg = Debug|Any CPU
		{0949B673-A3C9-4B7B-A29F-4E806B456A21}.Debug|Any CPU.Build.0 = Debug|Any CPU
		{0949B673-A3C9-4B7B-A29F-4E806B456A21}.Release|Any CPU.ActiveCfg = Release|Any CPU
		{0949B673-A3C9-4B7B-A29F-4E806B456A21}.Release|Any CPU.Build.0 = Release|Any CPU
		{65C264C5-2178-4C9F-8B2B-9AAC605C82A6}.Debug|Any CPU.ActiveCfg = Debug|Any CPU
		{65C264C5-2178-4C9F-8B2B-9AAC605C82A6}.Debug|Any CPU.Build.0 = Debug|Any CPU
		{65C264C5-2178-4C9F-8B2B-9AAC605C82A6}.Release|Any CPU.ActiveCfg = Release|Any CPU
		{65C264C5-2178-4C9F-8B2B-9AAC605C82A6}.Release|Any CPU.Build.0 = Release|Any CPU
		{100AA2D6-5370-494F-AD7D-C3ABBE748D03}.Debug|Any CPU.ActiveCfg = Debug|Any CPU
		{100AA2D6-5370-494F-AD7D-C3ABBE748D03}.Debug|Any CPU.Build.0 = Debug|Any CPU
		{100AA2D6-5370-494F-AD7D-C3ABBE748D03}.Release|Any CPU.ActiveCfg = Release|Any CPU
		{100AA2D6-5370-494F-AD7D-C3ABBE748D03}.Release|Any CPU.Build.0 = Release|Any CPU
		{F654692B-AF3D-4EDB-962D-B8E36A8E0E8E}.Debug|Any CPU.ActiveCfg = Debug|Any CPU
		{F654692B-AF3D-4EDB-962D-B8E36A8E0E8E}.Debug|Any CPU.Build.0 = Debug|Any CPU
		{F654692B-AF3D-4EDB-962D-B8E36A8E0E8E}.Release|Any CPU.ActiveCfg = Release|Any CPU
		{F654692B-AF3D-4EDB-962D-B8E36A8E0E8E}.Release|Any CPU.Build.0 = Release|Any CPU
	EndGlobalSection
	GlobalSection(SolutionProperties) = preSolution
		HideSolutionNode = FALSE
	EndGlobalSection
	GlobalSection(ExtensibilityGlobals) = postSolution
		SolutionGuid = {CE0F8678-1149-4377-9DB5-5AFA855F3A4A}
	EndGlobalSection
EndGlobal
